
Microsoft Visual Studio Solution File, Format Version 12.00
# Visual Studio Version 16
VisualStudioVersion = 16.0.31702.278
MinimumVisualStudioVersion = 10.0.40219.1
Project("{FAE04EC0-301F-11D3-BF4B-00C04F79EFBC}") = "UC2ObjEmpWage", "UC2ObjEmpWage.csproj", "{7FABD00F-9EC1-4B7B-8AEA-3F8736301A9A}"
EndProject
Global
	GlobalSection(SolutionConfigurationPlatforms) = preSolution
		Debug|Any CPU = Debug|Any CPU
		Release|Any CPU = Release|Any CPU
	EndGlobalSection
	GlobalSection(ProjectConfigurationPlatforms) = postSolution
		{7FABD00F-9EC1-4B7B-8AEA-3F8736301A9A}.Debug|Any CPU.ActiveCfg = Debug|Any CPU
		{7FABD00F-9EC1-4B7B-8AEA-3F8736301A9A}.Debug|Any CPU.Build.0 = Debug|Any CPU
		{7FABD00F-9EC1-4B7B-8AEA-3F8736301A9A}.Release|Any CPU.ActiveCfg = Release|Any CPU
		{7FABD00F-9EC1-4B7B-8AEA-3F8736301A9A}.Release|Any CPU.Build.0 = Release|Any CPU
	EndGlobalSection
	GlobalSection(SolutionProperties) = preSolution
		HideSolutionNode = FALSE
	EndGlobalSection
	GlobalSection(ExtensibilityGlobals) = postSolution
		SolutionGuid = {9597645A-01FA-40A6-BA72-68FA89CB8AA7}
	EndGlobalSection
EndGlobal
